// !$*UTF8*$!
{
	archiveVersion = 1;
	classes = {
	};
	objectVersion = 50;
	objects = {

/* Begin PBXBuildFile section */
		5F134CBE24FD4EB100FA195B /* String+Extensions.swift in Sources */ = {isa = PBXBuildFile; fileRef = 5F134CBD24FD4EB100FA195B /* String+Extensions.swift */; };
		5F134CC124FD4F1500FA195B /* StringExtensionsTests.swift in Sources */ = {isa = PBXBuildFile; fileRef = 5F134CC024FD4F1500FA195B /* StringExtensionsTests.swift */; };
		5F134CC324FD6ACB00FA195B /* Martian.swift in Sources */ = {isa = PBXBuildFile; fileRef = 5F134CC224FD6ACB00FA195B /* Martian.swift */; };
		5F134CC624FDA35200FA195B /* FeedCell.swift in Sources */ = {isa = PBXBuildFile; fileRef = 5F134CC524FDA35200FA195B /* FeedCell.swift */; };
		5F134CC924FDA38100FA195B /* FeedItem.swift in Sources */ = {isa = PBXBuildFile; fileRef = 5F134CC824FDA38100FA195B /* FeedItem.swift */; };
		5F134CCB24FDA42E00FA195B /* ArticleItemViewModel.swift in Sources */ = {isa = PBXBuildFile; fileRef = 5F134CCA24FDA42E00FA195B /* ArticleItemViewModel.swift */; };
		5F134CCF24FDA45A00FA195B /* UIView+Extensions.swift in Sources */ = {isa = PBXBuildFile; fileRef = 5F134CCE24FDA45A00FA195B /* UIView+Extensions.swift */; };
		5F134CD224FDF33000FA195B /* ArticleFeedCell.swift in Sources */ = {isa = PBXBuildFile; fileRef = 5F134CD024FDF33000FA195B /* ArticleFeedCell.swift */; };
		5F134CD324FDF33000FA195B /* ArticleFeedCell.xib in Resources */ = {isa = PBXBuildFile; fileRef = 5F134CD124FDF33000FA195B /* ArticleFeedCell.xib */; };
		5F134CD524FDFAD700FA195B /* ImageService.swift in Sources */ = {isa = PBXBuildFile; fileRef = 5F134CD424FDFAD700FA195B /* ImageService.swift */; };
		5F134CDA24FE023500FA195B /* ImageFeedItem.swift in Sources */ = {isa = PBXBuildFile; fileRef = 5F134CD924FE023500FA195B /* ImageFeedItem.swift */; };
		5F134CE224FEA87E00FA195B /* RequestType.swift in Sources */ = {isa = PBXBuildFile; fileRef = 5F134CE124FEA87E00FA195B /* RequestType.swift */; };
		5FDB323224FB664D00D822C6 /* TranslatorTests.swift in Sources */ = {isa = PBXBuildFile; fileRef = 5FDB323124FB664D00D822C6 /* TranslatorTests.swift */; };
		5FE5D4D024F9960F00DBC06B /* AppDelegate.swift in Sources */ = {isa = PBXBuildFile; fileRef = 5FE5D4CF24F9960F00DBC06B /* AppDelegate.swift */; };
		5FE5D4D724F9960F00DBC06B /* Main.storyboard in Resources */ = {isa = PBXBuildFile; fileRef = 5FE5D4D524F9960F00DBC06B /* Main.storyboard */; };
		5FE5D4D924F9961200DBC06B /* Assets.xcassets in Resources */ = {isa = PBXBuildFile; fileRef = 5FE5D4D824F9961200DBC06B /* Assets.xcassets */; };
		5FE5D4DC24F9961200DBC06B /* LaunchScreen.storyboard in Resources */ = {isa = PBXBuildFile; fileRef = 5FE5D4DA24F9961200DBC06B /* LaunchScreen.storyboard */; };
		5FE5D4F324FB0CBE00DBC06B /* FeedViewController.swift in Sources */ = {isa = PBXBuildFile; fileRef = 5FE5D4F124FB0CBE00DBC06B /* FeedViewController.swift */; };
		5FE5D4F424FB0CBE00DBC06B /* FeedViewController.xib in Resources */ = {isa = PBXBuildFile; fileRef = 5FE5D4F224FB0CBE00DBC06B /* FeedViewController.xib */; };
		5FE5D4FD24FB0D0F00DBC06B /* FeedViewModel.swift in Sources */ = {isa = PBXBuildFile; fileRef = 5FE5D4FC24FB0D0F00DBC06B /* FeedViewModel.swift */; };
		5FE5D50224FB0D3A00DBC06B /* ArticleDetailViewController.swift in Sources */ = {isa = PBXBuildFile; fileRef = 5FE5D50024FB0D3A00DBC06B /* ArticleDetailViewController.swift */; };
		5FE5D50324FB0D3A00DBC06B /* ArticleDetailViewController.xib in Resources */ = {isa = PBXBuildFile; fileRef = 5FE5D50124FB0D3A00DBC06B /* ArticleDetailViewController.xib */; };
		5FE5D50924FB0DB400DBC06B /* Provider.swift in Sources */ = {isa = PBXBuildFile; fileRef = 5FE5D50824FB0DB400DBC06B /* Provider.swift */; };
		5FE5D50B24FB0EFB00DBC06B /* RemoteProvider.swift in Sources */ = {isa = PBXBuildFile; fileRef = 5FE5D50A24FB0EFB00DBC06B /* RemoteProvider.swift */; };
		5FE5D50D24FB100400DBC06B /* NetworkError.swift in Sources */ = {isa = PBXBuildFile; fileRef = 5FE5D50C24FB100400DBC06B /* NetworkError.swift */; };
		5FE5D50F24FB10AD00DBC06B /* LocalProvider.swift in Sources */ = {isa = PBXBuildFile; fileRef = 5FE5D50E24FB10AD00DBC06B /* LocalProvider.swift */; };
		5FE5D51424FB18C400DBC06B /* FeedService.swift in Sources */ = {isa = PBXBuildFile; fileRef = 5FE5D51324FB18C400DBC06B /* FeedService.swift */; };
		5FE5D51824FB25ED00DBC06B /* Request.swift in Sources */ = {isa = PBXBuildFile; fileRef = 5FE5D51724FB25ED00DBC06B /* Request.swift */; };
		5FE5D51B24FB27E700DBC06B /* Article.swift in Sources */ = {isa = PBXBuildFile; fileRef = 5FE5D51A24FB27E700DBC06B /* Article.swift */; };
		5FE5D51E24FB2D8D00DBC06B /* FeedServiceTests.swift in Sources */ = {isa = PBXBuildFile; fileRef = 5FE5D51D24FB2D8D00DBC06B /* FeedServiceTests.swift */; };
		5FE5D52024FB2E3600DBC06B /* TestBundle.swift in Sources */ = {isa = PBXBuildFile; fileRef = 5FE5D51F24FB2E3600DBC06B /* TestBundle.swift */; };
		5FE5D52424FB2EED00DBC06B /* mock_feed.json in Resources */ = {isa = PBXBuildFile; fileRef = 5FE5D52324FB2EED00DBC06B /* mock_feed.json */; };
		5FE5D52724FB356000DBC06B /* Language.swift in Sources */ = {isa = PBXBuildFile; fileRef = 5FE5D52624FB356000DBC06B /* Language.swift */; };
		5FE5D52924FB376600DBC06B /* Translator.swift in Sources */ = {isa = PBXBuildFile; fileRef = 5FE5D52824FB376600DBC06B /* Translator.swift */; };
/* End PBXBuildFile section */

/* Begin PBXContainerItemProxy section */
		5FE5D4E324F9961200DBC06B /* PBXContainerItemProxy */ = {
			isa = PBXContainerItemProxy;
			containerPortal = 5FE5D4C424F9960F00DBC06B /* Project object */;
			proxyType = 1;
			remoteGlobalIDString = 5FE5D4CB24F9960F00DBC06B;
			remoteInfo = MarsTimes;
		};
/* End PBXContainerItemProxy section */

/* Begin PBXFileReference section */
		5F134CBD24FD4EB100FA195B /* String+Extensions.swift */ = {isa = PBXFileReference; lastKnownFileType = sourcecode.swift; path = "String+Extensions.swift"; sourceTree = "<group>"; };
		5F134CC024FD4F1500FA195B /* StringExtensionsTests.swift */ = {isa = PBXFileReference; lastKnownFileType = sourcecode.swift; path = StringExtensionsTests.swift; sourceTree = "<group>"; };
		5F134CC224FD6ACB00FA195B /* Martian.swift */ = {isa = PBXFileReference; lastKnownFileType = sourcecode.swift; path = Martian.swift; sourceTree = "<group>"; };
		5F134CC524FDA35200FA195B /* FeedCell.swift */ = {isa = PBXFileReference; lastKnownFileType = sourcecode.swift; path = FeedCell.swift; sourceTree = "<group>"; };
		5F134CC824FDA38100FA195B /* FeedItem.swift */ = {isa = PBXFileReference; lastKnownFileType = sourcecode.swift; path = FeedItem.swift; sourceTree = "<group>"; };
		5F134CCA24FDA42E00FA195B /* ArticleItemViewModel.swift */ = {isa = PBXFileReference; lastKnownFileType = sourcecode.swift; path = ArticleItemViewModel.swift; sourceTree = "<group>"; };
		5F134CCE24FDA45A00FA195B /* UIView+Extensions.swift */ = {isa = PBXFileReference; lastKnownFileType = sourcecode.swift; path = "UIView+Extensions.swift"; sourceTree = "<group>"; };
		5F134CD024FDF33000FA195B /* ArticleFeedCell.swift */ = {isa = PBXFileReference; lastKnownFileType = sourcecode.swift; path = ArticleFeedCell.swift; sourceTree = "<group>"; };
		5F134CD124FDF33000FA195B /* ArticleFeedCell.xib */ = {isa = PBXFileReference; lastKnownFileType = file.xib; path = ArticleFeedCell.xib; sourceTree = "<group>"; };
		5F134CD424FDFAD700FA195B /* ImageService.swift */ = {isa = PBXFileReference; lastKnownFileType = sourcecode.swift; path = ImageService.swift; sourceTree = "<group>"; };
		5F134CD924FE023500FA195B /* ImageFeedItem.swift */ = {isa = PBXFileReference; lastKnownFileType = sourcecode.swift; path = ImageFeedItem.swift; sourceTree = "<group>"; };
		5F134CE124FEA87E00FA195B /* RequestType.swift */ = {isa = PBXFileReference; lastKnownFileType = sourcecode.swift; path = RequestType.swift; sourceTree = "<group>"; };
		5FDB323124FB664D00D822C6 /* TranslatorTests.swift */ = {isa = PBXFileReference; lastKnownFileType = sourcecode.swift; path = TranslatorTests.swift; sourceTree = "<group>"; };
		5FE5D4CC24F9960F00DBC06B /* MarsTimes.app */ = {isa = PBXFileReference; explicitFileType = wrapper.application; includeInIndex = 0; path = MarsTimes.app; sourceTree = BUILT_PRODUCTS_DIR; };
		5FE5D4CF24F9960F00DBC06B /* AppDelegate.swift */ = {isa = PBXFileReference; lastKnownFileType = sourcecode.swift; path = AppDelegate.swift; sourceTree = "<group>"; };
		5FE5D4D624F9960F00DBC06B /* Base */ = {isa = PBXFileReference; lastKnownFileType = file.storyboard; name = Base; path = Base.lproj/Main.storyboard; sourceTree = "<group>"; };
		5FE5D4D824F9961200DBC06B /* Assets.xcassets */ = {isa = PBXFileReference; lastKnownFileType = folder.assetcatalog; path = Assets.xcassets; sourceTree = "<group>"; };
		5FE5D4DB24F9961200DBC06B /* Base */ = {isa = PBXFileReference; lastKnownFileType = file.storyboard; name = Base; path = Base.lproj/LaunchScreen.storyboard; sourceTree = "<group>"; };
		5FE5D4DD24F9961200DBC06B /* Info.plist */ = {isa = PBXFileReference; lastKnownFileType = text.plist.xml; path = Info.plist; sourceTree = "<group>"; };
		5FE5D4E224F9961200DBC06B /* MarsTimesTests.xctest */ = {isa = PBXFileReference; explicitFileType = wrapper.cfbundle; includeInIndex = 0; path = MarsTimesTests.xctest; sourceTree = BUILT_PRODUCTS_DIR; };
		5FE5D4E824F9961200DBC06B /* Info.plist */ = {isa = PBXFileReference; lastKnownFileType = text.plist.xml; path = Info.plist; sourceTree = "<group>"; };
		5FE5D4F124FB0CBE00DBC06B /* FeedViewController.swift */ = {isa = PBXFileReference; lastKnownFileType = sourcecode.swift; path = FeedViewController.swift; sourceTree = "<group>"; };
		5FE5D4F224FB0CBE00DBC06B /* FeedViewController.xib */ = {isa = PBXFileReference; lastKnownFileType = file.xib; path = FeedViewController.xib; sourceTree = "<group>"; };
		5FE5D4FC24FB0D0F00DBC06B /* FeedViewModel.swift */ = {isa = PBXFileReference; lastKnownFileType = sourcecode.swift; path = FeedViewModel.swift; sourceTree = "<group>"; };
		5FE5D50024FB0D3A00DBC06B /* ArticleDetailViewController.swift */ = {isa = PBXFileReference; lastKnownFileType = sourcecode.swift; path = ArticleDetailViewController.swift; sourceTree = "<group>"; };
		5FE5D50124FB0D3A00DBC06B /* ArticleDetailViewController.xib */ = {isa = PBXFileReference; lastKnownFileType = file.xib; path = ArticleDetailViewController.xib; sourceTree = "<group>"; };
		5FE5D50824FB0DB400DBC06B /* Provider.swift */ = {isa = PBXFileReference; lastKnownFileType = sourcecode.swift; path = Provider.swift; sourceTree = "<group>"; };
		5FE5D50A24FB0EFB00DBC06B /* RemoteProvider.swift */ = {isa = PBXFileReference; lastKnownFileType = sourcecode.swift; path = RemoteProvider.swift; sourceTree = "<group>"; };
		5FE5D50C24FB100400DBC06B /* NetworkError.swift */ = {isa = PBXFileReference; lastKnownFileType = sourcecode.swift; path = NetworkError.swift; sourceTree = "<group>"; };
		5FE5D50E24FB10AD00DBC06B /* LocalProvider.swift */ = {isa = PBXFileReference; lastKnownFileType = sourcecode.swift; path = LocalProvider.swift; sourceTree = "<group>"; };
		5FE5D51324FB18C400DBC06B /* FeedService.swift */ = {isa = PBXFileReference; lastKnownFileType = sourcecode.swift; path = FeedService.swift; sourceTree = "<group>"; };
		5FE5D51724FB25ED00DBC06B /* Request.swift */ = {isa = PBXFileReference; lastKnownFileType = sourcecode.swift; path = Request.swift; sourceTree = "<group>"; };
		5FE5D51A24FB27E700DBC06B /* Article.swift */ = {isa = PBXFileReference; lastKnownFileType = sourcecode.swift; path = Article.swift; sourceTree = "<group>"; };
		5FE5D51D24FB2D8D00DBC06B /* FeedServiceTests.swift */ = {isa = PBXFileReference; lastKnownFileType = sourcecode.swift; path = FeedServiceTests.swift; sourceTree = "<group>"; };
		5FE5D51F24FB2E3600DBC06B /* TestBundle.swift */ = {isa = PBXFileReference; lastKnownFileType = sourcecode.swift; path = TestBundle.swift; sourceTree = "<group>"; };
		5FE5D52324FB2EED00DBC06B /* mock_feed.json */ = {isa = PBXFileReference; lastKnownFileType = text.json; path = mock_feed.json; sourceTree = "<group>"; };
		5FE5D52624FB356000DBC06B /* Language.swift */ = {isa = PBXFileReference; lastKnownFileType = sourcecode.swift; path = Language.swift; sourceTree = "<group>"; };
		5FE5D52824FB376600DBC06B /* Translator.swift */ = {isa = PBXFileReference; lastKnownFileType = sourcecode.swift; path = Translator.swift; sourceTree = "<group>"; };
/* End PBXFileReference section */

/* Begin PBXFrameworksBuildPhase section */
		5FE5D4C924F9960F00DBC06B /* Frameworks */ = {
			isa = PBXFrameworksBuildPhase;
			buildActionMask = 2147483647;
			files = (
			);
			runOnlyForDeploymentPostprocessing = 0;
		};
		5FE5D4DF24F9961200DBC06B /* Frameworks */ = {
			isa = PBXFrameworksBuildPhase;
			buildActionMask = 2147483647;
			files = (
			);
			runOnlyForDeploymentPostprocessing = 0;
		};
/* End PBXFrameworksBuildPhase section */

/* Begin PBXGroup section */
		5F134CBC24FD4EA100FA195B /* Extensions */ = {
			isa = PBXGroup;
			children = (
				5F134CBD24FD4EB100FA195B /* String+Extensions.swift */,
				5F134CCE24FDA45A00FA195B /* UIView+Extensions.swift */,
			);
			path = Extensions;
			sourceTree = "<group>";
		};
		5F134CBF24FD4EF900FA195B /* Extensions */ = {
			isa = PBXGroup;
			children = (
				5F134CC024FD4F1500FA195B /* StringExtensionsTests.swift */,
			);
			path = Extensions;
			sourceTree = "<group>";
		};
		5F134CC424FDA33D00FA195B /* Cells */ = {
			isa = PBXGroup;
			children = (
				5F134CC524FDA35200FA195B /* FeedCell.swift */,
				5F134CD024FDF33000FA195B /* ArticleFeedCell.swift */,
				5F134CD124FDF33000FA195B /* ArticleFeedCell.xib */,
			);
			path = Cells;
			sourceTree = "<group>";
		};
		5F134CC724FDA36F00FA195B /* FeedItems */ = {
			isa = PBXGroup;
			children = (
				5F134CC824FDA38100FA195B /* FeedItem.swift */,
				5F134CD924FE023500FA195B /* ImageFeedItem.swift */,
				5F134CCA24FDA42E00FA195B /* ArticleItemViewModel.swift */,
			);
			path = FeedItems;
			sourceTree = "<group>";
		};
		5FDB323024FB663700D822C6 /* Translations */ = {
			isa = PBXGroup;
			children = (
				5FDB323124FB664D00D822C6 /* TranslatorTests.swift */,
			);
			path = Translations;
			sourceTree = "<group>";
		};
		5FDB323324FD49BB00D822C6 /* Translator */ = {
			isa = PBXGroup;
			children = (
				5FE5D52824FB376600DBC06B /* Translator.swift */,
			);
			path = Translator;
			sourceTree = "<group>";
		};
		5FE5D4C324F9960F00DBC06B = {
			isa = PBXGroup;
			children = (
				5FE5D4CE24F9960F00DBC06B /* MarsTimes */,
				5FE5D4E524F9961200DBC06B /* MarsTimesTests */,
				5FE5D4CD24F9960F00DBC06B /* Products */,
			);
			sourceTree = "<group>";
		};
		5FE5D4CD24F9960F00DBC06B /* Products */ = {
			isa = PBXGroup;
			children = (
				5FE5D4CC24F9960F00DBC06B /* MarsTimes.app */,
				5FE5D4E224F9961200DBC06B /* MarsTimesTests.xctest */,
			);
			name = Products;
			sourceTree = "<group>";
		};
		5FE5D4CE24F9960F00DBC06B /* MarsTimes */ = {
			isa = PBXGroup;
			children = (
				5FE5D4CF24F9960F00DBC06B /* AppDelegate.swift */,
				5FE5D4F524FB0CC900DBC06B /* Features */,
				5FE5D51924FB27C900DBC06B /* Models */,
				5FE5D50424FB0D4100DBC06B /* Networking */,
				5FE5D51024FB189600DBC06B /* Services */,
				5FE5D52524FB354900DBC06B /* Languages */,
				5F134CBC24FD4EA100FA195B /* Extensions */,
				5FE5D4D524F9960F00DBC06B /* Main.storyboard */,
				5FE5D4D824F9961200DBC06B /* Assets.xcassets */,
				5FE5D4DA24F9961200DBC06B /* LaunchScreen.storyboard */,
				5FE5D4DD24F9961200DBC06B /* Info.plist */,
			);
			path = MarsTimes;
			sourceTree = "<group>";
		};
		5FE5D4E524F9961200DBC06B /* MarsTimesTests */ = {
			isa = PBXGroup;
			children = (
				5F134CBF24FD4EF900FA195B /* Extensions */,
				5FDB323024FB663700D822C6 /* Translations */,
				5FE5D51F24FB2E3600DBC06B /* TestBundle.swift */,
				5FE5D51C24FB2D6500DBC06B /* Services */,
				5FE5D4E824F9961200DBC06B /* Info.plist */,
			);
			path = MarsTimesTests;
			sourceTree = "<group>";
		};
		5FE5D4F524FB0CC900DBC06B /* Features */ = {
			isa = PBXGroup;
			children = (
				5FE5D4F624FB0CD100DBC06B /* Feed */,
				5FE5D4FB24FB0CF900DBC06B /* Article */,
			);
			path = Features;
			sourceTree = "<group>";
		};
		5FE5D4F624FB0CD100DBC06B /* Feed */ = {
			isa = PBXGroup;
			children = (
				5F134CC724FDA36F00FA195B /* FeedItems */,
				5F134CC424FDA33D00FA195B /* Cells */,
				5FE5D4F124FB0CBE00DBC06B /* FeedViewController.swift */,
				5FE5D4F224FB0CBE00DBC06B /* FeedViewController.xib */,
				5FE5D4FC24FB0D0F00DBC06B /* FeedViewModel.swift */,
			);
			path = Feed;
			sourceTree = "<group>";
		};
		5FE5D4FB24FB0CF900DBC06B /* Article */ = {
			isa = PBXGroup;
			children = (
				5FE5D50024FB0D3A00DBC06B /* ArticleDetailViewController.swift */,
				5FE5D50124FB0D3A00DBC06B /* ArticleDetailViewController.xib */,
			);
			path = Article;
			sourceTree = "<group>";
		};
		5FE5D50424FB0D4100DBC06B /* Networking */ = {
			isa = PBXGroup;
			children = (
				5FE5D50C24FB100400DBC06B /* NetworkError.swift */,
				5FE5D50824FB0DB400DBC06B /* Provider.swift */,
				5FE5D50A24FB0EFB00DBC06B /* RemoteProvider.swift */,
				5FE5D50E24FB10AD00DBC06B /* LocalProvider.swift */,
				5FE5D51724FB25ED00DBC06B /* Request.swift */,
				5F134CE124FEA87E00FA195B /* RequestType.swift */,
			);
			path = Networking;
			sourceTree = "<group>";
		};
		5FE5D51024FB189600DBC06B /* Services */ = {
			isa = PBXGroup;
			children = (
				5FE5D51324FB18C400DBC06B /* FeedService.swift */,
				5F134CD424FDFAD700FA195B /* ImageService.swift */,
			);
			path = Services;
			sourceTree = "<group>";
		};
		5FE5D51924FB27C900DBC06B /* Models */ = {
			isa = PBXGroup;
			children = (
				5FE5D51A24FB27E700DBC06B /* Article.swift */,
			);
			path = Models;
			sourceTree = "<group>";
		};
		5FE5D51C24FB2D6500DBC06B /* Services */ = {
			isa = PBXGroup;
			children = (
				5FE5D52224FB2ED500DBC06B /* Feed */,
			);
			path = Services;
			sourceTree = "<group>";
		};
		5FE5D52224FB2ED500DBC06B /* Feed */ = {
			isa = PBXGroup;
			children = (
				5FE5D51D24FB2D8D00DBC06B /* FeedServiceTests.swift */,
				5FE5D52324FB2EED00DBC06B /* mock_feed.json */,
			);
			path = Feed;
			sourceTree = "<group>";
		};
		5FE5D52524FB354900DBC06B /* Languages */ = {
			isa = PBXGroup;
			children = (
				5FDB323324FD49BB00D822C6 /* Translator */,
				5FE5D52624FB356000DBC06B /* Language.swift */,
				5F134CC224FD6ACB00FA195B /* Martian.swift */,
			);
			path = Languages;
			sourceTree = "<group>";
		};
/* End PBXGroup section */

/* Begin PBXNativeTarget section */
		5FE5D4CB24F9960F00DBC06B /* MarsTimes */ = {
			isa = PBXNativeTarget;
			buildConfigurationList = 5FE5D4EB24F9961200DBC06B /* Build configuration list for PBXNativeTarget "MarsTimes" */;
			buildPhases = (
				5FE5D4C824F9960F00DBC06B /* Sources */,
				5FE5D4C924F9960F00DBC06B /* Frameworks */,
				5FE5D4CA24F9960F00DBC06B /* Resources */,
			);
			buildRules = (
			);
			dependencies = (
			);
			name = MarsTimes;
			productName = MarsTimes;
			productReference = 5FE5D4CC24F9960F00DBC06B /* MarsTimes.app */;
			productType = "com.apple.product-type.application";
		};
		5FE5D4E124F9961200DBC06B /* MarsTimesTests */ = {
			isa = PBXNativeTarget;
			buildConfigurationList = 5FE5D4EE24F9961200DBC06B /* Build configuration list for PBXNativeTarget "MarsTimesTests" */;
			buildPhases = (
				5FE5D4DE24F9961200DBC06B /* Sources */,
				5FE5D4DF24F9961200DBC06B /* Frameworks */,
				5FE5D4E024F9961200DBC06B /* Resources */,
			);
			buildRules = (
			);
			dependencies = (
				5FE5D4E424F9961200DBC06B /* PBXTargetDependency */,
			);
			name = MarsTimesTests;
			productName = MarsTimesTests;
			productReference = 5FE5D4E224F9961200DBC06B /* MarsTimesTests.xctest */;
			productType = "com.apple.product-type.bundle.unit-test";
		};
/* End PBXNativeTarget section */

/* Begin PBXProject section */
		5FE5D4C424F9960F00DBC06B /* Project object */ = {
			isa = PBXProject;
			attributes = {
				LastSwiftUpdateCheck = 1160;
				LastUpgradeCheck = 1160;
				ORGANIZATIONNAME = DevByArlindo;
				TargetAttributes = {
					5FE5D4CB24F9960F00DBC06B = {
						CreatedOnToolsVersion = 11.6;
					};
					5FE5D4E124F9961200DBC06B = {
						CreatedOnToolsVersion = 11.6;
						LastSwiftMigration = 1160;
						TestTargetID = 5FE5D4CB24F9960F00DBC06B;
					};
				};
			};
			buildConfigurationList = 5FE5D4C724F9960F00DBC06B /* Build configuration list for PBXProject "MarsTimes" */;
			compatibilityVersion = "Xcode 9.3";
			developmentRegion = en;
			hasScannedForEncodings = 0;
			knownRegions = (
				en,
				Base,
			);
			mainGroup = 5FE5D4C324F9960F00DBC06B;
			productRefGroup = 5FE5D4CD24F9960F00DBC06B /* Products */;
			projectDirPath = "";
			projectRoot = "";
			targets = (
				5FE5D4CB24F9960F00DBC06B /* MarsTimes */,
				5FE5D4E124F9961200DBC06B /* MarsTimesTests */,
			);
		};
/* End PBXProject section */

/* Begin PBXResourcesBuildPhase section */
		5FE5D4CA24F9960F00DBC06B /* Resources */ = {
			isa = PBXResourcesBuildPhase;
			buildActionMask = 2147483647;
			files = (
				5F134CD324FDF33000FA195B /* ArticleFeedCell.xib in Resources */,
				5FE5D4DC24F9961200DBC06B /* LaunchScreen.storyboard in Resources */,
				5FE5D4D924F9961200DBC06B /* Assets.xcassets in Resources */,
				5FE5D4F424FB0CBE00DBC06B /* FeedViewController.xib in Resources */,
				5FE5D50324FB0D3A00DBC06B /* ArticleDetailViewController.xib in Resources */,
				5FE5D4D724F9960F00DBC06B /* Main.storyboard in Resources */,
			);
			runOnlyForDeploymentPostprocessing = 0;
		};
		5FE5D4E024F9961200DBC06B /* Resources */ = {
			isa = PBXResourcesBuildPhase;
			buildActionMask = 2147483647;
			files = (
				5FE5D52424FB2EED00DBC06B /* mock_feed.json in Resources */,
			);
			runOnlyForDeploymentPostprocessing = 0;
		};
/* End PBXResourcesBuildPhase section */

/* Begin PBXSourcesBuildPhase section */
		5FE5D4C824F9960F00DBC06B /* Sources */ = {
			isa = PBXSourcesBuildPhase;
			buildActionMask = 2147483647;
			files = (
				5F134CCF24FDA45A00FA195B /* UIView+Extensions.swift in Sources */,
				5FE5D4F324FB0CBE00DBC06B /* FeedViewController.swift in Sources */,
				5FE5D51824FB25ED00DBC06B /* Request.swift in Sources */,
				5F134CD224FDF33000FA195B /* ArticleFeedCell.swift in Sources */,
				5F134CCB24FDA42E00FA195B /* ArticleItemViewModel.swift in Sources */,
				5F134CC624FDA35200FA195B /* FeedCell.swift in Sources */,
				5FE5D52724FB356000DBC06B /* Language.swift in Sources */,
				5FE5D50F24FB10AD00DBC06B /* LocalProvider.swift in Sources */,
				5F134CC324FD6ACB00FA195B /* Martian.swift in Sources */,
				5FE5D50924FB0DB400DBC06B /* Provider.swift in Sources */,
				5FE5D4FD24FB0D0F00DBC06B /* FeedViewModel.swift in Sources */,
				5FE5D52924FB376600DBC06B /* Translator.swift in Sources */,
				5F134CDA24FE023500FA195B /* ImageFeedItem.swift in Sources */,
				5FE5D51424FB18C400DBC06B /* FeedService.swift in Sources */,
				5FE5D4D024F9960F00DBC06B /* AppDelegate.swift in Sources */,
				5F134CBE24FD4EB100FA195B /* String+Extensions.swift in Sources */,
				5FE5D50D24FB100400DBC06B /* NetworkError.swift in Sources */,
				5F134CC924FDA38100FA195B /* FeedItem.swift in Sources */,
				5FE5D50B24FB0EFB00DBC06B /* RemoteProvider.swift in Sources */,
				5F134CD524FDFAD700FA195B /* ImageService.swift in Sources */,
				5FE5D51B24FB27E700DBC06B /* Article.swift in Sources */,
				5FE5D50224FB0D3A00DBC06B /* ArticleDetailViewController.swift in Sources */,
				5F134CE224FEA87E00FA195B /* RequestType.swift in Sources */,
			);
			runOnlyForDeploymentPostprocessing = 0;
		};
		5FE5D4DE24F9961200DBC06B /* Sources */ = {
			isa = PBXSourcesBuildPhase;
			buildActionMask = 2147483647;
			files = (
				5F134CC124FD4F1500FA195B /* StringExtensionsTests.swift in Sources */,
				5FE5D51E24FB2D8D00DBC06B /* FeedServiceTests.swift in Sources */,
				5FDB323224FB664D00D822C6 /* TranslatorTests.swift in Sources */,
				5FE5D52024FB2E3600DBC06B /* TestBundle.swift in Sources */,
			);
			runOnlyForDeploymentPostprocessing = 0;
		};
/* End PBXSourcesBuildPhase section */

/* Begin PBXTargetDependency section */
		5FE5D4E424F9961200DBC06B /* PBXTargetDependency */ = {
			isa = PBXTargetDependency;
			target = 5FE5D4CB24F9960F00DBC06B /* MarsTimes */;
			targetProxy = 5FE5D4E324F9961200DBC06B /* PBXContainerItemProxy */;
		};
/* End PBXTargetDependency section */

/* Begin PBXVariantGroup section */
		5FE5D4D524F9960F00DBC06B /* Main.storyboard */ = {
			isa = PBXVariantGroup;
			children = (
				5FE5D4D624F9960F00DBC06B /* Base */,
			);
			name = Main.storyboard;
			sourceTree = "<group>";
		};
		5FE5D4DA24F9961200DBC06B /* LaunchScreen.storyboard */ = {
			isa = PBXVariantGroup;
			children = (
				5FE5D4DB24F9961200DBC06B /* Base */,
			);
			name = LaunchScreen.storyboard;
			sourceTree = "<group>";
		};
/* End PBXVariantGroup section */

/* Begin XCBuildConfiguration section */
		5FE5D4E924F9961200DBC06B /* Debug */ = {
			isa = XCBuildConfiguration;
			buildSettings = {
				ALWAYS_SEARCH_USER_PATHS = NO;
				CLANG_ANALYZER_NONNULL = YES;
				CLANG_ANALYZER_NUMBER_OBJECT_CONVERSION = YES_AGGRESSIVE;
				CLANG_CXX_LANGUAGE_STANDARD = "gnu++14";
				CLANG_CXX_LIBRARY = "libc++";
				CLANG_ENABLE_MODULES = YES;
				CLANG_ENABLE_OBJC_ARC = YES;
				CLANG_ENABLE_OBJC_WEAK = YES;
				CLANG_WARN_BLOCK_CAPTURE_AUTORELEASING = YES;
				CLANG_WARN_BOOL_CONVERSION = YES;
				CLANG_WARN_COMMA = YES;
				CLANG_WARN_CONSTANT_CONVERSION = YES;
				CLANG_WARN_DEPRECATED_OBJC_IMPLEMENTATIONS = YES;
				CLANG_WARN_DIRECT_OBJC_ISA_USAGE = YES_ERROR;
				CLANG_WARN_DOCUMENTATION_COMMENTS = YES;
				CLANG_WARN_EMPTY_BODY = YES;
				CLANG_WARN_ENUM_CONVERSION = YES;
				CLANG_WARN_INFINITE_RECURSION = YES;
				CLANG_WARN_INT_CONVERSION = YES;
				CLANG_WARN_NON_LITERAL_NULL_CONVERSION = YES;
				CLANG_WARN_OBJC_IMPLICIT_RETAIN_SELF = YES;
				CLANG_WARN_OBJC_LITERAL_CONVERSION = YES;
				CLANG_WARN_OBJC_ROOT_CLASS = YES_ERROR;
				CLANG_WARN_RANGE_LOOP_ANALYSIS = YES;
				CLANG_WARN_STRICT_PROTOTYPES = YES;
				CLANG_WARN_SUSPICIOUS_MOVE = YES;
				CLANG_WARN_UNGUARDED_AVAILABILITY = YES_AGGRESSIVE;
				CLANG_WARN_UNREACHABLE_CODE = YES;
				CLANG_WARN__DUPLICATE_METHOD_MATCH = YES;
				COPY_PHASE_STRIP = NO;
				DEBUG_INFORMATION_FORMAT = dwarf;
				ENABLE_STRICT_OBJC_MSGSEND = YES;
				ENABLE_TESTABILITY = YES;
				GCC_C_LANGUAGE_STANDARD = gnu11;
				GCC_DYNAMIC_NO_PIC = NO;
				GCC_NO_COMMON_BLOCKS = YES;
				GCC_OPTIMIZATION_LEVEL = 0;
				GCC_PREPROCESSOR_DEFINITIONS = (
					"DEBUG=1",
					"$(inherited)",
				);
				GCC_WARN_64_TO_32_BIT_CONVERSION = YES;
				GCC_WARN_ABOUT_RETURN_TYPE = YES_ERROR;
				GCC_WARN_UNDECLARED_SELECTOR = YES;
				GCC_WARN_UNINITIALIZED_AUTOS = YES_AGGRESSIVE;
				GCC_WARN_UNUSED_FUNCTION = YES;
				GCC_WARN_UNUSED_VARIABLE = YES;
				IPHONEOS_DEPLOYMENT_TARGET = 13.6;
				MTL_ENABLE_DEBUG_INFO = INCLUDE_SOURCE;
				MTL_FAST_MATH = YES;
				ONLY_ACTIVE_ARCH = YES;
				SDKROOT = iphoneos;
				SWIFT_ACTIVE_COMPILATION_CONDITIONS = DEBUG;
				SWIFT_OPTIMIZATION_LEVEL = "-Onone";
			};
			name = Debug;
		};
		5FE5D4EA24F9961200DBC06B /* Release */ = {
			isa = XCBuildConfiguration;
			buildSettings = {
				ALWAYS_SEARCH_USER_PATHS = NO;
				CLANG_ANALYZER_NONNULL = YES;
				CLANG_ANALYZER_NUMBER_OBJECT_CONVERSION = YES_AGGRESSIVE;
				CLANG_CXX_LANGUAGE_STANDARD = "gnu++14";
				CLANG_CXX_LIBRARY = "libc++";
				CLANG_ENABLE_MODULES = YES;
				CLANG_ENABLE_OBJC_ARC = YES;
				CLANG_ENABLE_OBJC_WEAK = YES;
				CLANG_WARN_BLOCK_CAPTURE_AUTORELEASING = YES;
				CLANG_WARN_BOOL_CONVERSION = YES;
				CLANG_WARN_COMMA = YES;
				CLANG_WARN_CONSTANT_CONVERSION = YES;
				CLANG_WARN_DEPRECATED_OBJC_IMPLEMENTATIONS = YES;
				CLANG_WARN_DIRECT_OBJC_ISA_USAGE = YES_ERROR;
				CLANG_WARN_DOCUMENTATION_COMMENTS = YES;
				CLANG_WARN_EMPTY_BODY = YES;
				CLANG_WARN_ENUM_CONVERSION = YES;
				CLANG_WARN_INFINITE_RECURSION = YES;
				CLANG_WARN_INT_CONVERSION = YES;
				CLANG_WARN_NON_LITERAL_NULL_CONVERSION = YES;
				CLANG_WARN_OBJC_IMPLICIT_RETAIN_SELF = YES;
				CLANG_WARN_OBJC_LITERAL_CONVERSION = YES;
				CLANG_WARN_OBJC_ROOT_CLASS = YES_ERROR;
				CLANG_WARN_RANGE_LOOP_ANALYSIS = YES;
				CLANG_WARN_STRICT_PROTOTYPES = YES;
				CLANG_WARN_SUSPICIOUS_MOVE = YES;
				CLANG_WARN_UNGUARDED_AVAILABILITY = YES_AGGRESSIVE;
				CLANG_WARN_UNREACHABLE_CODE = YES;
				CLANG_WARN__DUPLICATE_METHOD_MATCH = YES;
				COPY_PHASE_STRIP = NO;
				DEBUG_INFORMATION_FORMAT = "dwarf-with-dsym";
				ENABLE_NS_ASSERTIONS = NO;
				ENABLE_STRICT_OBJC_MSGSEND = YES;
				GCC_C_LANGUAGE_STANDARD = gnu11;
				GCC_NO_COMMON_BLOCKS = YES;
				GCC_WARN_64_TO_32_BIT_CONVERSION = YES;
				GCC_WARN_ABOUT_RETURN_TYPE = YES_ERROR;
				GCC_WARN_UNDECLARED_SELECTOR = YES;
				GCC_WARN_UNINITIALIZED_AUTOS = YES_AGGRESSIVE;
				GCC_WARN_UNUSED_FUNCTION = YES;
				GCC_WARN_UNUSED_VARIABLE = YES;
				IPHONEOS_DEPLOYMENT_TARGET = 13.6;
				MTL_ENABLE_DEBUG_INFO = NO;
				MTL_FAST_MATH = YES;
				SDKROOT = iphoneos;
				SWIFT_COMPILATION_MODE = wholemodule;
				SWIFT_OPTIMIZATION_LEVEL = "-O";
				VALIDATE_PRODUCT = YES;
			};
			name = Release;
		};
		5FE5D4EC24F9961200DBC06B /* Debug */ = {
			isa = XCBuildConfiguration;
			buildSettings = {
				ASSETCATALOG_COMPILER_APPICON_NAME = AppIcon;
				CODE_SIGN_STYLE = Automatic;
				DEVELOPMENT_TEAM = 22G24XCXDT;
				INFOPLIST_FILE = MarsTimes/Info.plist;
				LD_RUNPATH_SEARCH_PATHS = (
					"$(inherited)",
					"@executable_path/Frameworks",
				);
				PRODUCT_BUNDLE_IDENTIFIER = com.DevByArlindo.MarsTimes;
				PRODUCT_NAME = "$(TARGET_NAME)";
				SWIFT_VERSION = 5.0;
				TARGETED_DEVICE_FAMILY = "1,2";
			};
			name = Debug;
		};
		5FE5D4ED24F9961200DBC06B /* Release */ = {
			isa = XCBuildConfiguration;
			buildSettings = {
				ASSETCATALOG_COMPILER_APPICON_NAME = AppIcon;
				CODE_SIGN_STYLE = Automatic;
				DEVELOPMENT_TEAM = 22G24XCXDT;
				INFOPLIST_FILE = MarsTimes/Info.plist;
				LD_RUNPATH_SEARCH_PATHS = (
					"$(inherited)",
					"@executable_path/Frameworks",
				);
				PRODUCT_BUNDLE_IDENTIFIER = com.DevByArlindo.MarsTimes;
				PRODUCT_NAME = "$(TARGET_NAME)";
				SWIFT_VERSION = 5.0;
				TARGETED_DEVICE_FAMILY = "1,2";
			};
			name = Release;
		};
		5FE5D4EF24F9961200DBC06B /* Debug */ = {
			isa = XCBuildConfiguration;
			buildSettings = {
				ALWAYS_EMBED_SWIFT_STANDARD_LIBRARIES = YES;
				BUNDLE_LOADER = "$(TEST_HOST)";
				CLANG_ENABLE_MODULES = YES;
				CODE_SIGN_STYLE = Automatic;
				DEVELOPMENT_TEAM = 22G24XCXDT;
				INFOPLIST_FILE = MarsTimesTests/Info.plist;
				IPHONEOS_DEPLOYMENT_TARGET = 13.6;
				LD_RUNPATH_SEARCH_PATHS = (
					"$(inherited)",
					"@executable_path/Frameworks",
					"@loader_path/Frameworks",
				);
				PRODUCT_BUNDLE_IDENTIFIER = com.DevByArlindo.MarsTimesTests;
				PRODUCT_NAME = "$(TARGET_NAME)";
				SWIFT_OPTIMIZATION_LEVEL = "-Onone";
				SWIFT_VERSION = 5.0;
				TARGETED_DEVICE_FAMILY = "1,2";
				TEST_HOST = "$(BUILT_PRODUCTS_DIR)/MarsTimes.app/MarsTimes";
			};
			name = Debug;
		};
		5FE5D4F024F9961200DBC06B /* Release */ = {
			isa = XCBuildConfiguration;
			buildSettings = {
				ALWAYS_EMBED_SWIFT_STANDARD_LIBRARIES = YES;
				BUNDLE_LOADER = "$(TEST_HOST)";
				CLANG_ENABLE_MODULES = YES;
				CODE_SIGN_STYLE = Automatic;
				DEVELOPMENT_TEAM = 22G24XCXDT;
				INFOPLIST_FILE = MarsTimesTests/Info.plist;
				IPHONEOS_DEPLOYMENT_TARGET = 13.6;
				LD_RUNPATH_SEARCH_PATHS = (
					"$(inherited)",
					"@executable_path/Frameworks",
					"@loader_path/Frameworks",
				);
				PRODUCT_BUNDLE_IDENTIFIER = com.DevByArlindo.MarsTimesTests;
				PRODUCT_NAME = "$(TARGET_NAME)";
				SWIFT_VERSION = 5.0;
				TARGETED_DEVICE_FAMILY = "1,2";
				TEST_HOST = "$(BUILT_PRODUCTS_DIR)/MarsTimes.app/MarsTimes";
			};
			name = Release;
		};
/* End XCBuildConfiguration section */

/* Begin XCConfigurationList section */
		5FE5D4C724F9960F00DBC06B /* Build configuration list for PBXProject "MarsTimes" */ = {
			isa = XCConfigurationList;
			buildConfigurations = (
				5FE5D4E924F9961200DBC06B /* Debug */,
				5FE5D4EA24F9961200DBC06B /* Release */,
			);
			defaultConfigurationIsVisible = 0;
			defaultConfigurationName = Release;
		};
		5FE5D4EB24F9961200DBC06B /* Build configuration list for PBXNativeTarget "MarsTimes" */ = {
			isa = XCConfigurationList;
			buildConfigurations = (
				5FE5D4EC24F9961200DBC06B /* Debug */,
				5FE5D4ED24F9961200DBC06B /* Release */,
			);
			defaultConfigurationIsVisible = 0;
			defaultConfigurationName = Release;
		};
		5FE5D4EE24F9961200DBC06B /* Build configuration list for PBXNativeTarget "MarsTimesTests" */ = {
			isa = XCConfigurationList;
			buildConfigurations = (
				5FE5D4EF24F9961200DBC06B /* Debug */,
				5FE5D4F024F9961200DBC06B /* Release */,
			);
			defaultConfigurationIsVisible = 0;
			defaultConfigurationName = Release;
		};
/* End XCConfigurationList section */
	};
	rootObject = 5FE5D4C424F9960F00DBC06B /* Project object */;
}
